<?xml version="1.0" encoding="utf-8"?>
<Project ToolsVersion="4.0" xmlns="http://schemas.microsoft.com/developer/msbuild/2003">
  <ItemGroup>
    <Filter Include="Source Files">
      <UniqueIdentifier>{4FC737F1-C7A5-4376-A066-2A32D752A2FF}</UniqueIdentifier>
      <Extensions>cpp;c;cc;cxx;def;odl;idl;hpj;bat;asm;asmx</Extensions>
    </Filter>
    <Filter Include="Assets">
      <UniqueIdentifier>{3e9e222e-6cad-4ee5-aeac-a252a0b8433d}</UniqueIdentifier>
    </Filter>
    <Filter Include="Assets\Shaders">
      <UniqueIdentifier>{d87ac32d-f688-4163-9953-46753093db59}</UniqueIdentifier>
    </Filter>
  </ItemGroup>
  <ItemGroup>
    <None Include="..\..\examples\font\bin\assets\shaders\font.fp">
      <Filter>Assets\Shaders</Filter>
    </None>
    <None Include="..\..\examples\font\bin\assets\shaders\font.vp">
      <Filter>Assets\Shaders</Filter>
    </None>
    <None Include="..\..\examples\font\bin\assets\shaders\utilGUIText.fp">
      <Filter>Assets\Shaders</Filter>
    </None>
    <None Include="..\..\examples\font\bin\assets\shaders\utilGUIText.vp">
      <Filter>Assets\Shaders</Filter>
    </None>
  </ItemGroup>
  <ItemGroup>
    <ClCompile Include="..\..\examples\font\src\main.cpp">
      <Filter>Source Files</Filter>
    </ClCompile>
  </ItemGroup>
</Project>