<?xml version="1.0" encoding="utf-8"?>
<Project ToolsVersion="4.0" xmlns="http://schemas.microsoft.com/developer/msbuild/2003">
  <ItemGroup>
    <Filter Include="Tests">
      <UniqueIdentifier>{4FC737F1-C7A5-4376-A066-2A32D752A2FF}</UniqueIdentifier>
      <Extensions>cpp;c;cc;cxx;def;odl;idl;hpj;bat;asm;asmx</Extensions>
    </Filter>
    <Filter Include="Main">
      <UniqueIdentifier>{7a8f74ba-3540-40f8-bf1e-e93ceb5efa45}</UniqueIdentifier>
    </Filter>
  </ItemGroup>
  <ItemGroup>
    <ClCompile Include="..\..\tests\src\Utils\Point.cpp">
      <Filter>Tests</Filter>
    </ClCompile>
    <ClCompile Include="..\..\tests\src\main.cpp">
      <Filter>Main</Filter>
    </ClCompile>
    <ClCompile Include="tests\src\Utils\File.cpp">
      <Filter>Tests</Filter>
    </ClCompile>
    <ClCompile Include="..\..\tests\src\Utils\Clock.cpp">
      <Filter>Tests</Filter>
    </ClCompile>
    <ClCompile Include="..\..\tests\src\Utils\Line.cpp">
      <Filter>Tests</Filter>
    </ClCompile>
    <ClCompile Include="..\..\tests\src\Utils\String.cpp">
      <Filter>Tests</Filter>
    </ClCompile>
  </ItemGroup>
</Project>