<?xml version="1.0" encoding="utf-8"?>
<Project ToolsVersion="4.0" xmlns="http://schemas.microsoft.com/developer/msbuild/2003">
  <ItemGroup>
    <Filter Include="Source Files">
      <UniqueIdentifier>{4FC737F1-C7A5-4376-A066-2A32D752A2FF}</UniqueIdentifier>
      <Extensions>cpp;c;cc;cxx;def;odl;idl;hpj;bat;asm;asmx</Extensions>
    </Filter>
    <Filter Include="Header Files">
      <UniqueIdentifier>{93995380-89BD-4b04-88EB-625FBE52EBFB}</UniqueIdentifier>
      <Extensions>h;hpp;hxx;hm;inl;inc;xsd</Extensions>
    </Filter>
    <Filter Include="Header Files\Exceptions">
      <UniqueIdentifier>{16a504f2-2f8e-43f1-bfed-2cbb6caf52b3}</UniqueIdentifier>
    </Filter>
    <Filter Include="Header Files\GL+">
      <UniqueIdentifier>{f64fdde1-64a9-4c0e-8689-4c7359dfc8ee}</UniqueIdentifier>
    </Filter>
    <Filter Include="Source Files\Exceptions">
      <UniqueIdentifier>{4dfe5b47-cb01-484f-861e-b3f277831a9e}</UniqueIdentifier>
    </Filter>
    <Filter Include="Source Files\GL+">
      <UniqueIdentifier>{d8678c51-c519-45c9-bcc6-dfd52235f5b9}</UniqueIdentifier>
    </Filter>
    <Filter Include="Source Files\Interfaces">
      <UniqueIdentifier>{ac034dfa-b8ce-48fe-a70d-8e48daf1f94e}</UniqueIdentifier>
    </Filter>
    <Filter Include="Header Files\Interfaces">
      <UniqueIdentifier>{3e736b68-dc96-401a-aab7-f78cb7220fee}</UniqueIdentifier>
    </Filter>
    <Filter Include="Header Files\Interfaces\MVC">
      <UniqueIdentifier>{a26bf68a-4efa-4103-81c4-5ef9f1ff063b}</UniqueIdentifier>
    </Filter>
    <Filter Include="Header Files\Frameworks">
      <UniqueIdentifier>{767d6879-4d6c-416a-b3d6-bafcdca48807}</UniqueIdentifier>
    </Filter>
    <Filter Include="Source Files\Frameworks">
      <UniqueIdentifier>{b7c4b232-2301-4715-99f4-f171a50cc362}</UniqueIdentifier>
    </Filter>
    <Filter Include="Header Files\GL+\Models">
      <UniqueIdentifier>{a21b1d94-ee0a-4239-9525-9b4ac4ed0fb5}</UniqueIdentifier>
    </Filter>
    <Filter Include="Source Files\GL+\Models">
      <UniqueIdentifier>{64976592-a0d6-4ffb-a712-7c64efae302f}</UniqueIdentifier>
    </Filter>
    <Filter Include="Header Files\Interfaces\Implementations">
      <UniqueIdentifier>{685b5d62-999f-4deb-bb40-9e04d51fefdc}</UniqueIdentifier>
    </Filter>
    <Filter Include="Source Files\Interfaces\Implementations">
      <UniqueIdentifier>{071a0369-0cb2-48ad-ba5b-90b5835ba825}</UniqueIdentifier>
    </Filter>
    <Filter Include="Header Files\GL+\GUI">
      <UniqueIdentifier>{c999d687-d1f2-4adb-9d9f-28728cf6b0bb}</UniqueIdentifier>
    </Filter>
    <Filter Include="Source Files\GL+\GUI">
      <UniqueIdentifier>{2e24fbb4-d29b-4d30-835a-3a91c1e178c6}</UniqueIdentifier>
    </Filter>
    <Filter Include="Header Files\Input">
      <UniqueIdentifier>{cf6607eb-f931-4851-967e-741563b55e96}</UniqueIdentifier>
    </Filter>
    <Filter Include="Source Files\Input">
      <UniqueIdentifier>{077c47cc-6c99-4ac1-84d6-1b9598f1e062}</UniqueIdentifier>
    </Filter>
    <Filter Include="Header Files\Input\EventTypes">
      <UniqueIdentifier>{92869b03-f9f5-4216-a36b-b086fd427931}</UniqueIdentifier>
    </Filter>
    <Filter Include="Source Files\Input\EventTypes">
      <UniqueIdentifier>{cb5d3e34-db88-448f-9d3d-4cec93523804}</UniqueIdentifier>
    </Filter>
    <Filter Include="Header Files\Helpers">
      <UniqueIdentifier>{939bbee9-1dbd-4939-8c8b-9a5d4846d694}</UniqueIdentifier>
    </Filter>
    <Filter Include="Source Files\Helpers">
      <UniqueIdentifier>{e6ef2678-76f6-4b9f-8f49-12f41c168a92}</UniqueIdentifier>
    </Filter>
    <Filter Include="Header Files\GL+\GUI\Styles">
      <UniqueIdentifier>{14e898a1-8964-40bd-8230-281013af9086}</UniqueIdentifier>
    </Filter>
    <Filter Include="Source Files\GL+\GUI\Styles">
      <UniqueIdentifier>{3ba36171-0663-41ee-a7a8-7c5dc62ca83a}</UniqueIdentifier>
    </Filter>
    <Filter Include="Header Files\GL+\GUI\Events">
      <UniqueIdentifier>{848a1b32-9124-4c2d-a73e-cab8e62ab284}</UniqueIdentifier>
    </Filter>
    <Filter Include="Source Files\GL+\GUI\Events">
      <UniqueIdentifier>{e4f9b5b8-406b-4291-8464-5a3313fd1ec4}</UniqueIdentifier>
    </Filter>
  </ItemGroup>
  <ItemGroup>
    <ClInclude Include="..\include\Utils\Clock.h">
      <Filter>Header Files</Filter>
    </ClInclude>
    <ClInclude Include="..\include\Utils\Exception.h">
      <Filter>Header Files</Filter>
    </ClInclude>
    <ClInclude Include="..\include\Utils\File.h">
      <Filter>Header Files</Filter>
    </ClInclude>
    <ClInclude Include="..\include\Utils\Image.h">
      <Filter>Header Files</Filter>
    </ClInclude>
    <ClInclude Include="..\include\Utils\Line.h">
      <Filter>Header Files</Filter>
    </ClInclude>
    <ClInclude Include="..\include\Utils\Point.h">
      <Filter>Header Files</Filter>
    </ClInclude>
    <ClInclude Include="..\include\Utils\Rectangle.h">
      <Filter>Header Files</Filter>
    </ClInclude>
    <ClInclude Include="..\include\Utils\TimeEvent.h">
      <Filter>Header Files</Filter>
    </ClInclude>
    <ClInclude Include="..\include\Utils\TimeLoop.h">
      <Filter>Header Files</Filter>
    </ClInclude>
    <ClInclude Include="..\include\Utils\Timer.h">
      <Filter>Header Files</Filter>
    </ClInclude>
    <ClInclude Include="..\include\Utils\Window.h">
      <Filter>Header Files</Filter>
    </ClInclude>
    <ClInclude Include="..\include\Utils\Exceptions\FatalError.h">
      <Filter>Header Files\Exceptions</Filter>
    </ClInclude>
    <ClInclude Include="..\include\Utils\GL+\Context.h">
      <Filter>Header Files\GL+</Filter>
    </ClInclude>
    <ClInclude Include="..\include\Utils\GL+\MatrixStack.h">
      <Filter>Header Files\GL+</Filter>
    </ClInclude>
    <ClInclude Include="..\include\Utils\GL+\Pipeline.h">
      <Filter>Header Files\GL+</Filter>
    </ClInclude>
    <ClInclude Include="..\include\Utils\GL+\Program.h">
      <Filter>Header Files\GL+</Filter>
    </ClInclude>
    <ClInclude Include="..\include\Utils\GL+\Shader.h">
      <Filter>Header Files\GL+</Filter>
    </ClInclude>
    <ClInclude Include="..\include\Utils\GL+\Texture.h">
      <Filter>Header Files\GL+</Filter>
    </ClInclude>
    <ClInclude Include="..\include\Utils\GL+\Uniform.h">
      <Filter>Header Files\GL+</Filter>
    </ClInclude>
    <ClInclude Include="..\include\Utils\GL+\VertexArray.h">
      <Filter>Header Files\GL+</Filter>
    </ClInclude>
    <ClInclude Include="..\include\Utils\GL+\VertexAttrib.h">
      <Filter>Header Files\GL+</Filter>
    </ClInclude>
    <ClInclude Include="..\include\Utils\Interfaces\State.h">
      <Filter>Header Files\Interfaces</Filter>
    </ClInclude>
    <ClInclude Include="..\include\Utils\Interfaces\Camera.h">
      <Filter>Header Files\Interfaces</Filter>
    </ClInclude>
    <ClInclude Include="..\include\Utils\Interfaces\MVC\ExtendedView.h">
      <Filter>Header Files\Interfaces\MVC</Filter>
    </ClInclude>
    <ClInclude Include="..\include\Utils\Interfaces\MVC\View.h">
      <Filter>Header Files\Interfaces\MVC</Filter>
    </ClInclude>
    <ClInclude Include="..\include\Utils\String.h">
      <Filter>Header Files</Filter>
    </ClInclude>
    <ClInclude Include="..\include\Utils\AABB.h">
      <Filter>Header Files</Filter>
    </ClInclude>
    <ClInclude Include="..\include\Utils\Interfaces\Model.h">
      <Filter>Header Files\Interfaces</Filter>
    </ClInclude>
    <ClInclude Include="..\include\Utils\Frameworks\Application.h">
      <Filter>Header Files\Frameworks</Filter>
    </ClInclude>
    <ClInclude Include="..\include\Utils\GL+\Models\OBJ.h">
      <Filter>Header Files\GL+\Models</Filter>
    </ClInclude>
    <ClInclude Include="..\include\Utils\GL+\Models\Mesh.h">
      <Filter>Header Files\GL+\Models</Filter>
    </ClInclude>
    <ClInclude Include="..\include\Utils\GL+\Models\Material.h">
      <Filter>Header Files\GL+\Models</Filter>
    </ClInclude>
    <ClInclude Include="..\include\Utils\GL+\Buffer.h">
      <Filter>Header Files\GL+</Filter>
    </ClInclude>
    <ClInclude Include="..\include\Utils\GL+\Buffer.hpp">
      <Filter>Header Files\GL+</Filter>
    </ClInclude>
    <ClInclude Include="..\include\Utils\GL+\VertexBuffer.h">
      <Filter>Header Files\GL+</Filter>
    </ClInclude>
    <ClInclude Include="..\include\Utils\GL+\Framebuffer.h">
      <Filter>Header Files\GL+</Filter>
    </ClInclude>
    <ClInclude Include="..\include\Utils\GL+\PixelBuffer.h">
      <Filter>Header Files\GL+</Filter>
    </ClInclude>
    <ClInclude Include="..\include\Utils\Logger.h">
      <Filter>Header Files</Filter>
    </ClInclude>
    <ClInclude Include="..\include\Utils\Exceptions\InitializationFailed.h">
      <Filter>Header Files\Exceptions</Filter>
    </ClInclude>
    <ClInclude Include="..\include\Utils\Exceptions\InvalidArgument.h">
      <Filter>Header Files\Exceptions</Filter>
    </ClInclude>
    <ClInclude Include="..\include\Utils\Interfaces\ImageFile.h">
      <Filter>Header Files\Interfaces</Filter>
    </ClInclude>
    <ClInclude Include="..\include\Utils\Interfaces\Implementations\ImageFileBMP.h">
      <Filter>Header Files\Interfaces\Implementations</Filter>
    </ClInclude>
    <ClInclude Include="..\include\Utils\Interfaces\Implementations\ImageFileTGA.h">
      <Filter>Header Files\Interfaces\Implementations</Filter>
    </ClInclude>
    <ClInclude Include="..\include\Utils\Interfaces\Implementations\ImageFileJPG.h">
      <Filter>Header Files\Interfaces\Implementations</Filter>
    </ClInclude>
    <ClInclude Include="..\include\Utils\Interfaces\Implementations\ImageFilePNG.h">
      <Filter>Header Files\Interfaces\Implementations</Filter>
    </ClInclude>
    <ClInclude Include="..\include\Utils\GL+\GUI\Component.h">
      <Filter>Header Files\GL+\GUI</Filter>
    </ClInclude>
    <ClInclude Include="..\include\Utils\GL+\GUI\Container.h">
      <Filter>Header Files\GL+\GUI</Filter>
    </ClInclude>
    <ClInclude Include="..\include\Utils\GL+\GUI\Font.h">
      <Filter>Header Files\GL+\GUI</Filter>
    </ClInclude>
    <ClInclude Include="..\include\Utils\GL+\GUI\Text.h">
      <Filter>Header Files\GL+\GUI</Filter>
    </ClInclude>
    <ClInclude Include="..\include\Utils\GL+\GUI\Window.h">
      <Filter>Header Files\GL+\GUI</Filter>
    </ClInclude>
    <ClInclude Include="..\include\Utils\Input\Event.h">
      <Filter>Header Files\Input</Filter>
    </ClInclude>
    <ClInclude Include="..\include\Utils\Input\EventTypes\KeyEvent.h">
      <Filter>Header Files\Input\EventTypes</Filter>
    </ClInclude>
    <ClInclude Include="..\include\Utils\Input\EventTypes\MouseButtonEvent.h">
      <Filter>Header Files\Input\EventTypes</Filter>
    </ClInclude>
    <ClInclude Include="..\include\Utils\Input\EventTypes\MouseMovementEvent.h">
      <Filter>Header Files\Input\EventTypes</Filter>
    </ClInclude>
    <ClInclude Include="..\include\Utils\Input\EventTypes\MouseScrollEvent.h">
      <Filter>Header Files\Input\EventTypes</Filter>
    </ClInclude>
    <ClInclude Include="..\include\Utils\Input\Types.h">
      <Filter>Header Files\Input</Filter>
    </ClInclude>
    <ClInclude Include="..\include\Utils\Input\EventHandler.h">
      <Filter>Header Files\Input</Filter>
    </ClInclude>
    <ClInclude Include="..\include\Utils\Windows.h">
      <Filter>Header Files</Filter>
    </ClInclude>
    <ClInclude Include="..\include\Utils\Input\Keyboard.h">
      <Filter>Header Files\Input</Filter>
    </ClInclude>
    <ClInclude Include="..\include\Utils\Input\Mouse.h">
      <Filter>Header Files\Input</Filter>
    </ClInclude>
    <ClInclude Include="..\include\Utils\Input\EventAggregator.h">
      <Filter>Header Files\Input</Filter>
    </ClInclude>
    <ClInclude Include="..\include\Utils\Input\EventTrigger.h">
      <Filter>Header Files\Input</Filter>
    </ClInclude>
    <ClInclude Include="..\include\Utils\Helpers\HashEnum.h">
      <Filter>Header Files\Helpers</Filter>
    </ClInclude>
    <ClInclude Include="..\include\Utils\GL+\GUI\Button.h">
      <Filter>Header Files\GL+\GUI</Filter>
    </ClInclude>
    <ClInclude Include="..\include\Utils\GL+\GUI\InnerText.h">
      <Filter>Header Files\GL+\GUI</Filter>
    </ClInclude>
    <ClInclude Include="..\include\Utils\GL+\GUI\Styles\HorizontalAlignment.h">
      <Filter>Header Files\GL+\GUI\Styles</Filter>
    </ClInclude>
    <ClInclude Include="..\include\Utils\GL+\GUI\Styles\VerticalAlignment.h">
      <Filter>Header Files\GL+\GUI\Styles</Filter>
    </ClInclude>
    <ClInclude Include="..\include\Utils\GL+\GUI\Styles\Border.h">
      <Filter>Header Files\GL+\GUI\Styles</Filter>
    </ClInclude>
    <ClInclude Include="..\include\Utils\GL+\GUI\Events\MouseClick.h">
      <Filter>Header Files\GL+\GUI\Events</Filter>
    </ClInclude>
    <ClInclude Include="..\include\Utils\GL+\GUI\Events\MouseRelease.h">
      <Filter>Header Files\GL+\GUI\Events</Filter>
    </ClInclude>
    <ClInclude Include="..\include\Utils\GL+\GUI\Events\EventTemplate.hpp">
      <Filter>Header Files\GL+\GUI\Events</Filter>
    </ClInclude>
    <ClInclude Include="..\include\Utils\GL+\GUI\Events\HandlerAggregator.hpp">
      <Filter>Header Files\GL+\GUI\Events</Filter>
    </ClInclude>
    <ClInclude Include="..\include\Utils\GL+\GUI\Events\MouseEnter.h">
      <Filter>Header Files\GL+\GUI\Events</Filter>
    </ClInclude>
    <ClInclude Include="..\include\Utils\GL+\GUI\Events\MouseLeave.h">
      <Filter>Header Files\GL+\GUI\Events</Filter>
    </ClInclude>
    <ClInclude Include="..\include\Utils\GL+\GUI\Events\MouseMove.h">
      <Filter>Header Files\GL+\GUI\Events</Filter>
    </ClInclude>
    <ClInclude Include="..\include\Utils\GL+\GUI\TextField.h">
      <Filter>Header Files\GL+\GUI</Filter>
    </ClInclude>
    <ClInclude Include="..\include\Utils\GL+\GUI\Events\KeyStroke.h">
      <Filter>Header Files\GL+\GUI\Events</Filter>
    </ClInclude>
  </ItemGroup>
  <ItemGroup>
    <ClCompile Include="..\src\Utils\Clock.cpp">
      <Filter>Source Files</Filter>
    </ClCompile>
    <ClCompile Include="..\src\Utils\Exception.cpp">
      <Filter>Source Files</Filter>
    </ClCompile>
    <ClCompile Include="..\src\Utils\File.cpp">
      <Filter>Source Files</Filter>
    </ClCompile>
    <ClCompile Include="..\src\Utils\Image.cpp">
      <Filter>Source Files</Filter>
    </ClCompile>
    <ClCompile Include="..\src\Utils\Line.cpp">
      <Filter>Source Files</Filter>
    </ClCompile>
    <ClCompile Include="..\src\Utils\Point.cpp">
      <Filter>Source Files</Filter>
    </ClCompile>
    <ClCompile Include="..\src\Utils\Rectangle.cpp">
      <Filter>Source Files</Filter>
    </ClCompile>
    <ClCompile Include="..\src\Utils\TimeEvent.cpp">
      <Filter>Source Files</Filter>
    </ClCompile>
    <ClCompile Include="..\src\Utils\TimeLoop.cpp">
      <Filter>Source Files</Filter>
    </ClCompile>
    <ClCompile Include="..\src\Utils\Timer.cpp">
      <Filter>Source Files</Filter>
    </ClCompile>
    <ClCompile Include="..\src\Utils\Window.cpp">
      <Filter>Source Files</Filter>
    </ClCompile>
    <ClCompile Include="..\src\Utils\Exceptions\FatalError.cpp">
      <Filter>Source Files\Exceptions</Filter>
    </ClCompile>
    <ClCompile Include="..\src\Utils\GL+\Context.cpp">
      <Filter>Source Files\GL+</Filter>
    </ClCompile>
    <ClCompile Include="..\src\Utils\GL+\MatrixStack.cpp">
      <Filter>Source Files\GL+</Filter>
    </ClCompile>
    <ClCompile Include="..\src\Utils\GL+\Pipeline.cpp">
      <Filter>Source Files\GL+</Filter>
    </ClCompile>
    <ClCompile Include="..\src\Utils\GL+\Program.cpp">
      <Filter>Source Files\GL+</Filter>
    </ClCompile>
    <ClCompile Include="..\src\Utils\GL+\Shader.cpp">
      <Filter>Source Files\GL+</Filter>
    </ClCompile>
    <ClCompile Include="..\src\Utils\GL+\Texture.cpp">
      <Filter>Source Files\GL+</Filter>
    </ClCompile>
    <ClCompile Include="..\src\Utils\GL+\Uniform.cpp">
      <Filter>Source Files\GL+</Filter>
    </ClCompile>
    <ClCompile Include="..\src\Utils\GL+\VertexArray.cpp">
      <Filter>Source Files\GL+</Filter>
    </ClCompile>
    <ClCompile Include="..\src\Utils\GL+\VertexAttrib.cpp">
      <Filter>Source Files\GL+</Filter>
    </ClCompile>
    <ClCompile Include="..\src\Utils\Interfaces\State.cpp">
      <Filter>Source Files\Interfaces</Filter>
    </ClCompile>
    <ClCompile Include="..\src\Utils\Interfaces\Camera.cpp">
      <Filter>Source Files\Interfaces</Filter>
    </ClCompile>
    <ClCompile Include="..\src\Utils\String.cpp">
      <Filter>Source Files</Filter>
    </ClCompile>
    <ClCompile Include="..\src\Utils\AABB.cpp">
      <Filter>Source Files</Filter>
    </ClCompile>
    <ClCompile Include="..\src\Utils\Interfaces\Model.cpp">
      <Filter>Source Files\Interfaces</Filter>
    </ClCompile>
    <ClCompile Include="..\src\Utils\Frameworks\Application.cpp">
      <Filter>Source Files\Frameworks</Filter>
    </ClCompile>
    <ClCompile Include="..\src\Utils\GL+\Models\OBJ.cpp">
      <Filter>Source Files\GL+\Models</Filter>
    </ClCompile>
    <ClCompile Include="..\src\Utils\GL+\Models\Mesh.cpp">
      <Filter>Source Files\GL+\Models</Filter>
    </ClCompile>
    <ClCompile Include="..\src\Utils\GL+\Models\Material.cpp">
      <Filter>Source Files\GL+\Models</Filter>
    </ClCompile>
    <ClCompile Include="..\src\Utils\GL+\Buffer.cpp">
      <Filter>Source Files\GL+</Filter>
    </ClCompile>
    <ClCompile Include="..\src\Utils\GL+\VertexBuffer.cpp">
      <Filter>Source Files\GL+</Filter>
    </ClCompile>
    <ClCompile Include="..\src\Utils\GL+\Framebuffer.cpp">
      <Filter>Source Files\GL+</Filter>
    </ClCompile>
    <ClCompile Include="..\src\Utils\GL+\PixelBuffer.cpp">
      <Filter>Source Files\GL+</Filter>
    </ClCompile>
    <ClCompile Include="..\src\Utils\Logger.cpp">
      <Filter>Source Files</Filter>
    </ClCompile>
    <ClCompile Include="..\src\Utils\Exceptions\InitializationFailed.cpp">
      <Filter>Source Files\Exceptions</Filter>
    </ClCompile>
    <ClCompile Include="..\src\Utils\Exceptions\InvalidArgument.cpp">
      <Filter>Source Files\Exceptions</Filter>
    </ClCompile>
    <ClCompile Include="..\src\Utils\Interfaces\Implementations\ImageFileBMP.cpp">
      <Filter>Source Files\Interfaces\Implementations</Filter>
    </ClCompile>
    <ClCompile Include="..\src\Utils\Interfaces\ImageFile.cpp">
      <Filter>Source Files\Interfaces</Filter>
    </ClCompile>
    <ClCompile Include="..\src\Utils\Interfaces\Implementations\ImageFileTGA.cpp">
      <Filter>Source Files\Interfaces\Implementations</Filter>
    </ClCompile>
    <ClCompile Include="..\src\Utils\Interfaces\Implementations\ImageFileJPG.cpp">
      <Filter>Source Files\Interfaces\Implementations</Filter>
    </ClCompile>
    <ClCompile Include="..\src\Utils\Interfaces\Implementations\ImageFilePNG.cpp">
      <Filter>Source Files\Interfaces\Implementations</Filter>
    </ClCompile>
    <ClCompile Include="..\src\Utils\GL+\GUI\Component.cpp">
      <Filter>Source Files\GL+\GUI</Filter>
    </ClCompile>
    <ClCompile Include="..\src\Utils\GL+\GUI\Container.cpp">
      <Filter>Source Files\GL+\GUI</Filter>
    </ClCompile>
    <ClCompile Include="..\src\Utils\GL+\GUI\Font.cpp">
      <Filter>Source Files\GL+\GUI</Filter>
    </ClCompile>
    <ClCompile Include="..\src\Utils\GL+\GUI\Text.cpp">
      <Filter>Source Files\GL+\GUI</Filter>
    </ClCompile>
    <ClCompile Include="..\src\Utils\GL+\GUI\Window.cpp">
      <Filter>Source Files\GL+\GUI</Filter>
    </ClCompile>
    <ClCompile Include="..\src\Utils\Input\EventAggregator.cpp">
      <Filter>Source Files\Input</Filter>
    </ClCompile>
    <ClCompile Include="..\src\Utils\Input\Event.cpp">
      <Filter>Source Files\Input</Filter>
    </ClCompile>
    <ClCompile Include="..\src\Utils\Input\EventTypes\KeyEvent.cpp">
      <Filter>Source Files\Input\EventTypes</Filter>
    </ClCompile>
    <ClCompile Include="..\src\Utils\Input\EventTypes\MouseButtonEvent.cpp">
      <Filter>Source Files\Input\EventTypes</Filter>
    </ClCompile>
    <ClCompile Include="..\src\Utils\Input\EventTypes\MouseMovementEvent.cpp">
      <Filter>Source Files\Input\EventTypes</Filter>
    </ClCompile>
    <ClCompile Include="..\src\Utils\Input\EventTypes\MouseScrollEvent.cpp">
      <Filter>Source Files\Input\EventTypes</Filter>
    </ClCompile>
    <ClCompile Include="..\src\Utils\Input\EventHandler.cpp">
      <Filter>Source Files\Input</Filter>
    </ClCompile>
    <ClCompile Include="..\src\Utils\Windows.cpp">
      <Filter>Source Files</Filter>
    </ClCompile>
    <ClCompile Include="..\src\Utils\Input\Keyboard.cpp">
      <Filter>Source Files\Input</Filter>
    </ClCompile>
    <ClCompile Include="..\src\Utils\Input\Mouse.cpp">
      <Filter>Source Files\Input</Filter>
    </ClCompile>
    <ClCompile Include="..\src\Utils\Input\EventTrigger.cpp">
      <Filter>Source Files\Input</Filter>
    </ClCompile>
    <ClCompile Include="..\src\Utils\GL+\GUI\Button.cpp">
      <Filter>Source Files\GL+\GUI</Filter>
    </ClCompile>
    <ClCompile Include="..\src\Utils\GL+\GUI\InnerText.cpp">
      <Filter>Source Files\GL+\GUI</Filter>
    </ClCompile>
    <ClCompile Include="..\src\Utils\GL+\GUI\Styles\Border.cpp">
      <Filter>Source Files\GL+\GUI\Styles</Filter>
    </ClCompile>
    <ClCompile Include="..\src\Utils\GL+\GUI\Events\MouseClick.cpp">
      <Filter>Source Files\GL+\GUI\Events</Filter>
    </ClCompile>
    <ClCompile Include="..\src\Utils\GL+\GUI\Events\MouseEnter.cpp">
      <Filter>Source Files\GL+\GUI\Events</Filter>
    </ClCompile>
    <ClCompile Include="..\src\Utils\GL+\GUI\Events\MouseRelease.cpp">
      <Filter>Source Files\GL+\GUI\Events</Filter>
    </ClCompile>
    <ClCompile Include="..\src\Utils\GL+\GUI\Events\MouseMove.cpp">
      <Filter>Source Files\GL+\GUI\Events</Filter>
    </ClCompile>
    <ClCompile Include="..\src\Utils\GL+\GUI\Events\MouseLeave.cpp">
      <Filter>Source Files\GL+\GUI\Events</Filter>
    </ClCompile>
    <ClCompile Include="..\src\Utils\GL+\GUI\TextField.cpp">
      <Filter>Source Files\GL+\GUI</Filter>
    </ClCompile>
    <ClCompile Include="..\src\Utils\GL+\GUI\Events\KeyStroke.cpp">
      <Filter>Source Files\GL+\GUI\Events</Filter>
    </ClCompile>
  </ItemGroup>
</Project>