
Microsoft Visual Studio Solution File, Format Version 12.00
# Visual Studio 2013
VisualStudioVersion = 12.0.31101.0
MinimumVisualStudioVersion = 10.0.40219.1
Project("{8BC9CEB8-8B4A-11D0-8D11-00A0C91BC942}") = "Utility Library", "Utility Library.vcxproj", "{A18BA2DC-A847-4094-9A2B-40935A118E4F}"
EndProject
Project("{8BC9CEB8-8B4A-11D0-8D11-00A0C91BC942}") = "Basic example", "Basic example\Basic example.vcxproj", "{519D9996-2BEA-4F6C-81C2-80270B471175}"
EndProject
Project("{8BC9CEB8-8B4A-11D0-8D11-00A0C91BC942}") = "Framework example", "Framework example\Framework example.vcxproj", "{47A58469-C5C9-4EE3-9B52-C654D45FC0D0}"
EndProject
Project("{8BC9CEB8-8B4A-11D0-8D11-00A0C91BC942}") = "Models example", "Models example\Models example.vcxproj", "{597F25EF-34F4-4867-97C9-765D20B37A3B}"
EndProject
Project("{8BC9CEB8-8B4A-11D0-8D11-00A0C91BC942}") = "Image example", "Image example\Image example.vcxproj", "{49098971-4083-4670-9EB7-25D6360D3796}"
EndProject
Project("{8BC9CEB8-8B4A-11D0-8D11-00A0C91BC942}") = "Font example", "Font example\Font example.vcxproj", "{0949A77F-9CE2-4084-ADC7-B2A75E2FC1CA}"
EndProject
Project("{8BC9CEB8-8B4A-11D0-8D11-00A0C91BC942}") = "Input example", "Input example\Input example.vcxproj", "{65FE8496-B74B-4C03-9D70-4F8F8AF51DAA}"
EndProject
Project("{2150E333-8FDC-42A3-9474-1A3956D46DE8}") = "Examples", "Examples", "{5CF06858-376D-4C18-ABC5-8460B601B990}"
EndProject
Project("{8BC9CEB8-8B4A-11D0-8D11-00A0C91BC942}") = "GUI Example", "GUI Example\GUI Example.vcxproj", "{7C73D963-C33D-43ED-8285-05A3423534D8}"
EndProject
Project("{8BC9CEB8-8B4A-11D0-8D11-00A0C91BC942}") = "Utility Library UnitTests", "Utility Library UnitTests\Utility Library UnitTests.vcxproj", "{0DDD9988-649C-4D35-A934-A7AB49E6EF15}"
EndProject
Global
	GlobalSection(SolutionConfigurationPlatforms) = preSolution
		Debug (DLL)|Win32 = Debug (DLL)|Win32
		Debug|Win32 = Debug|Win32
		Release (DLL)|Win32 = Release (DLL)|Win32
		Release|Win32 = Release|Win32
	EndGlobalSection
	GlobalSection(ProjectConfigurationPlatforms) = postSolution
		{A18BA2DC-A847-4094-9A2B-40935A118E4F}.Debug (DLL)|Win32.ActiveCfg = Debug (DLL)|Win32
		{A18BA2DC-A847-4094-9A2B-40935A118E4F}.Debug (DLL)|Win32.Build.0 = Debug (DLL)|Win32
		{A18BA2DC-A847-4094-9A2B-40935A118E4F}.Debug|Win32.ActiveCfg = Debug|Win32
		{A18BA2DC-A847-4094-9A2B-40935A118E4F}.Debug|Win32.Build.0 = Debug|Win32
		{A18BA2DC-A847-4094-9A2B-40935A118E4F}.Release (DLL)|Win32.ActiveCfg = Release (DLL)|Win32
		{A18BA2DC-A847-4094-9A2B-40935A118E4F}.Release (DLL)|Win32.Build.0 = Release (DLL)|Win32
		{A18BA2DC-A847-4094-9A2B-40935A118E4F}.Release|Win32.ActiveCfg = Release|Win32
		{A18BA2DC-A847-4094-9A2B-40935A118E4F}.Release|Win32.Build.0 = Release|Win32
		{519D9996-2BEA-4F6C-81C2-80270B471175}.Debug (DLL)|Win32.ActiveCfg = Debug|Win32
		{519D9996-2BEA-4F6C-81C2-80270B471175}.Debug (DLL)|Win32.Build.0 = Debug|Win32
		{519D9996-2BEA-4F6C-81C2-80270B471175}.Debug|Win32.ActiveCfg = Debug|Win32
		{519D9996-2BEA-4F6C-81C2-80270B471175}.Debug|Win32.Build.0 = Debug|Win32
		{519D9996-2BEA-4F6C-81C2-80270B471175}.Release (DLL)|Win32.ActiveCfg = Release|Win32
		{519D9996-2BEA-4F6C-81C2-80270B471175}.Release (DLL)|Win32.Build.0 = Release|Win32
		{519D9996-2BEA-4F6C-81C2-80270B471175}.Release|Win32.ActiveCfg = Release|Win32
		{519D9996-2BEA-4F6C-81C2-80270B471175}.Release|Win32.Build.0 = Release|Win32
		{47A58469-C5C9-4EE3-9B52-C654D45FC0D0}.Debug (DLL)|Win32.ActiveCfg = Debug|Win32
		{47A58469-C5C9-4EE3-9B52-C654D45FC0D0}.Debug (DLL)|Win32.Build.0 = Debug|Win32
		{47A58469-C5C9-4EE3-9B52-C654D45FC0D0}.Debug|Win32.ActiveCfg = Debug|Win32
		{47A58469-C5C9-4EE3-9B52-C654D45FC0D0}.Debug|Win32.Build.0 = Debug|Win32
		{47A58469-C5C9-4EE3-9B52-C654D45FC0D0}.Release (DLL)|Win32.ActiveCfg = Release|Win32
		{47A58469-C5C9-4EE3-9B52-C654D45FC0D0}.Release (DLL)|Win32.Build.0 = Release|Win32
		{47A58469-C5C9-4EE3-9B52-C654D45FC0D0}.Release|Win32.ActiveCfg = Release|Win32
		{47A58469-C5C9-4EE3-9B52-C654D45FC0D0}.Release|Win32.Build.0 = Release|Win32
		{597F25EF-34F4-4867-97C9-765D20B37A3B}.Debug (DLL)|Win32.ActiveCfg = Debug|Win32
		{597F25EF-34F4-4867-97C9-765D20B37A3B}.Debug (DLL)|Win32.Build.0 = Debug|Win32
		{597F25EF-34F4-4867-97C9-765D20B37A3B}.Debug|Win32.ActiveCfg = Debug|Win32
		{597F25EF-34F4-4867-97C9-765D20B37A3B}.Debug|Win32.Build.0 = Debug|Win32
		{597F25EF-34F4-4867-97C9-765D20B37A3B}.Release (DLL)|Win32.ActiveCfg = Release|Win32
		{597F25EF-34F4-4867-97C9-765D20B37A3B}.Release (DLL)|Win32.Build.0 = Release|Win32
		{597F25EF-34F4-4867-97C9-765D20B37A3B}.Release|Win32.ActiveCfg = Release|Win32
		{597F25EF-34F4-4867-97C9-765D20B37A3B}.Release|Win32.Build.0 = Release|Win32
		{49098971-4083-4670-9EB7-25D6360D3796}.Debug (DLL)|Win32.ActiveCfg = Debug|Win32
		{49098971-4083-4670-9EB7-25D6360D3796}.Debug (DLL)|Win32.Build.0 = Debug|Win32
		{49098971-4083-4670-9EB7-25D6360D3796}.Debug|Win32.ActiveCfg = Debug|Win32
		{49098971-4083-4670-9EB7-25D6360D3796}.Debug|Win32.Build.0 = Debug|Win32
		{49098971-4083-4670-9EB7-25D6360D3796}.Release (DLL)|Win32.ActiveCfg = Release|Win32
		{49098971-4083-4670-9EB7-25D6360D3796}.Release (DLL)|Win32.Build.0 = Release|Win32
		{49098971-4083-4670-9EB7-25D6360D3796}.Release|Win32.ActiveCfg = Release|Win32
		{49098971-4083-4670-9EB7-25D6360D3796}.Release|Win32.Build.0 = Release|Win32
		{0949A77F-9CE2-4084-ADC7-B2A75E2FC1CA}.Debug (DLL)|Win32.ActiveCfg = Debug|Win32
		{0949A77F-9CE2-4084-ADC7-B2A75E2FC1CA}.Debug (DLL)|Win32.Build.0 = Debug|Win32
		{0949A77F-9CE2-4084-ADC7-B2A75E2FC1CA}.Debug|Win32.ActiveCfg = Debug|Win32
		{0949A77F-9CE2-4084-ADC7-B2A75E2FC1CA}.Debug|Win32.Build.0 = Debug|Win32
		{0949A77F-9CE2-4084-ADC7-B2A75E2FC1CA}.Release (DLL)|Win32.ActiveCfg = Release|Win32
		{0949A77F-9CE2-4084-ADC7-B2A75E2FC1CA}.Release (DLL)|Win32.Build.0 = Release|Win32
		{0949A77F-9CE2-4084-ADC7-B2A75E2FC1CA}.Release|Win32.ActiveCfg = Release|Win32
		{0949A77F-9CE2-4084-ADC7-B2A75E2FC1CA}.Release|Win32.Build.0 = Release|Win32
		{65FE8496-B74B-4C03-9D70-4F8F8AF51DAA}.Debug (DLL)|Win32.ActiveCfg = Debug|Win32
		{65FE8496-B74B-4C03-9D70-4F8F8AF51DAA}.Debug (DLL)|Win32.Build.0 = Debug|Win32
		{65FE8496-B74B-4C03-9D70-4F8F8AF51DAA}.Debug|Win32.ActiveCfg = Debug|Win32
		{65FE8496-B74B-4C03-9D70-4F8F8AF51DAA}.Debug|Win32.Build.0 = Debug|Win32
		{65FE8496-B74B-4C03-9D70-4F8F8AF51DAA}.Release (DLL)|Win32.ActiveCfg = Release|Win32
		{65FE8496-B74B-4C03-9D70-4F8F8AF51DAA}.Release (DLL)|Win32.Build.0 = Release|Win32
		{65FE8496-B74B-4C03-9D70-4F8F8AF51DAA}.Release|Win32.ActiveCfg = Release|Win32
		{65FE8496-B74B-4C03-9D70-4F8F8AF51DAA}.Release|Win32.Build.0 = Release|Win32
		{7C73D963-C33D-43ED-8285-05A3423534D8}.Debug (DLL)|Win32.ActiveCfg = Debug|Win32
		{7C73D963-C33D-43ED-8285-05A3423534D8}.Debug (DLL)|Win32.Build.0 = Debug|Win32
		{7C73D963-C33D-43ED-8285-05A3423534D8}.Debug|Win32.ActiveCfg = Debug|Win32
		{7C73D963-C33D-43ED-8285-05A3423534D8}.Debug|Win32.Build.0 = Debug|Win32
		{7C73D963-C33D-43ED-8285-05A3423534D8}.Release (DLL)|Win32.ActiveCfg = Release|Win32
		{7C73D963-C33D-43ED-8285-05A3423534D8}.Release (DLL)|Win32.Build.0 = Release|Win32
		{7C73D963-C33D-43ED-8285-05A3423534D8}.Release|Win32.ActiveCfg = Release|Win32
		{7C73D963-C33D-43ED-8285-05A3423534D8}.Release|Win32.Build.0 = Release|Win32
		{0DDD9988-649C-4D35-A934-A7AB49E6EF15}.Debug (DLL)|Win32.ActiveCfg = Debug|Win32
		{0DDD9988-649C-4D35-A934-A7AB49E6EF15}.Debug (DLL)|Win32.Build.0 = Debug|Win32
		{0DDD9988-649C-4D35-A934-A7AB49E6EF15}.Debug|Win32.ActiveCfg = Debug|Win32
		{0DDD9988-649C-4D35-A934-A7AB49E6EF15}.Debug|Win32.Build.0 = Debug|Win32
		{0DDD9988-649C-4D35-A934-A7AB49E6EF15}.Release (DLL)|Win32.ActiveCfg = Release|Win32
		{0DDD9988-649C-4D35-A934-A7AB49E6EF15}.Release (DLL)|Win32.Build.0 = Release|Win32
		{0DDD9988-649C-4D35-A934-A7AB49E6EF15}.Release|Win32.ActiveCfg = Release|Win32
		{0DDD9988-649C-4D35-A934-A7AB49E6EF15}.Release|Win32.Build.0 = Release|Win32
	EndGlobalSection
	GlobalSection(SolutionProperties) = preSolution
		HideSolutionNode = FALSE
	EndGlobalSection
	GlobalSection(NestedProjects) = preSolution
		{519D9996-2BEA-4F6C-81C2-80270B471175} = {5CF06858-376D-4C18-ABC5-8460B601B990}
		{47A58469-C5C9-4EE3-9B52-C654D45FC0D0} = {5CF06858-376D-4C18-ABC5-8460B601B990}
		{597F25EF-34F4-4867-97C9-765D20B37A3B} = {5CF06858-376D-4C18-ABC5-8460B601B990}
		{49098971-4083-4670-9EB7-25D6360D3796} = {5CF06858-376D-4C18-ABC5-8460B601B990}
		{0949A77F-9CE2-4084-ADC7-B2A75E2FC1CA} = {5CF06858-376D-4C18-ABC5-8460B601B990}
		{65FE8496-B74B-4C03-9D70-4F8F8AF51DAA} = {5CF06858-376D-4C18-ABC5-8460B601B990}
		{7C73D963-C33D-43ED-8285-05A3423534D8} = {5CF06858-376D-4C18-ABC5-8460B601B990}
	EndGlobalSection
EndGlobal
