
Microsoft Visual Studio Solution File, Format Version 12.00
# Visual Studio 2013
VisualStudioVersion = 12.0.31101.0
MinimumVisualStudioVersion = 10.0.40219.1
Project("{8BC9CEB8-8B4A-11D0-8D11-00A0C91BC942}") = "GLUL", "GLUL\GLUL.vcxproj", "{BE39DC36-BB6D-4DFB-8418-455170DECDAA}"
EndProject
Project("{2150E333-8FDC-42A3-9474-1A3956D46DE8}") = "Examples", "Examples", "{2B5F1B91-9B9C-4991-B5F5-2A6EFAFF868C}"
EndProject
Project("{2150E333-8FDC-42A3-9474-1A3956D46DE8}") = "Tests", "Tests", "{148A88E1-3CFD-46ED-82F9-61F8179CF621}"
EndProject
Project("{8BC9CEB8-8B4A-11D0-8D11-00A0C91BC942}") = "Basic example", "Examples\Basic example\Basic example.vcxproj", "{E4A32303-74D6-40AE-A768-A06100C0A947}"
EndProject
Project("{8BC9CEB8-8B4A-11D0-8D11-00A0C91BC942}") = "Unit tests", "Tests\Unit tests\Unit tests.vcxproj", "{F31B99E7-091E-4B49-B4F2-FE6BFD2489B8}"
EndProject
Project("{8BC9CEB8-8B4A-11D0-8D11-00A0C91BC942}") = "Font example", "Examples\Font example\Font example.vcxproj", "{0C3521E2-C901-4518-8C72-2691B4AC5FFB}"
EndProject
Project("{8BC9CEB8-8B4A-11D0-8D11-00A0C91BC942}") = "Framework example", "Examples\Framework example\Framework example.vcxproj", "{9C7EB337-0016-4423-8131-2C99273E26FE}"
EndProject
Project("{8BC9CEB8-8B4A-11D0-8D11-00A0C91BC942}") = "GUI example", "Examples\GUI example\GUI example.vcxproj", "{FC4AC3B9-9F00-4439-A6C9-84D3338F1B88}"
EndProject
Project("{8BC9CEB8-8B4A-11D0-8D11-00A0C91BC942}") = "Image example", "Examples\Image example\Image example.vcxproj", "{52F1E303-2AF1-4891-B049-3F2BD93EF396}"
EndProject
Project("{8BC9CEB8-8B4A-11D0-8D11-00A0C91BC942}") = "Input example", "Examples\Input example\Input example.vcxproj", "{F2B6E5C6-4AF4-4586-9C81-5916D570CDCC}"
EndProject
Project("{8BC9CEB8-8B4A-11D0-8D11-00A0C91BC942}") = "Models example", "Examples\Models example\Models example.vcxproj", "{236FDBA7-7E0F-4E53-A69F-54AB3F66D7D4}"
EndProject
Global
	GlobalSection(SolutionConfigurationPlatforms) = preSolution
		Debug (DLL)|Win32 = Debug (DLL)|Win32
		Debug|Win32 = Debug|Win32
		Release (DLL)|Win32 = Release (DLL)|Win32
		Release|Win32 = Release|Win32
	EndGlobalSection
	GlobalSection(ProjectConfigurationPlatforms) = postSolution
		{BE39DC36-BB6D-4DFB-8418-455170DECDAA}.Debug (DLL)|Win32.ActiveCfg = Debug (DLL)|Win32
		{BE39DC36-BB6D-4DFB-8418-455170DECDAA}.Debug (DLL)|Win32.Build.0 = Debug (DLL)|Win32
		{BE39DC36-BB6D-4DFB-8418-455170DECDAA}.Debug|Win32.ActiveCfg = Debug|Win32
		{BE39DC36-BB6D-4DFB-8418-455170DECDAA}.Debug|Win32.Build.0 = Debug|Win32
		{BE39DC36-BB6D-4DFB-8418-455170DECDAA}.Release (DLL)|Win32.ActiveCfg = Release (DLL)|Win32
		{BE39DC36-BB6D-4DFB-8418-455170DECDAA}.Release (DLL)|Win32.Build.0 = Release (DLL)|Win32
		{BE39DC36-BB6D-4DFB-8418-455170DECDAA}.Release|Win32.ActiveCfg = Release|Win32
		{BE39DC36-BB6D-4DFB-8418-455170DECDAA}.Release|Win32.Build.0 = Release|Win32
		{E4A32303-74D6-40AE-A768-A06100C0A947}.Debug (DLL)|Win32.ActiveCfg = Debug|Win32
		{E4A32303-74D6-40AE-A768-A06100C0A947}.Debug (DLL)|Win32.Build.0 = Debug|Win32
		{E4A32303-74D6-40AE-A768-A06100C0A947}.Debug|Win32.ActiveCfg = Debug|Win32
		{E4A32303-74D6-40AE-A768-A06100C0A947}.Debug|Win32.Build.0 = Debug|Win32
		{E4A32303-74D6-40AE-A768-A06100C0A947}.Release (DLL)|Win32.ActiveCfg = Release|Win32
		{E4A32303-74D6-40AE-A768-A06100C0A947}.Release (DLL)|Win32.Build.0 = Release|Win32
		{E4A32303-74D6-40AE-A768-A06100C0A947}.Release|Win32.ActiveCfg = Release|Win32
		{E4A32303-74D6-40AE-A768-A06100C0A947}.Release|Win32.Build.0 = Release|Win32
		{F31B99E7-091E-4B49-B4F2-FE6BFD2489B8}.Debug (DLL)|Win32.ActiveCfg = Debug|Win32
		{F31B99E7-091E-4B49-B4F2-FE6BFD2489B8}.Debug (DLL)|Win32.Build.0 = Debug|Win32
		{F31B99E7-091E-4B49-B4F2-FE6BFD2489B8}.Debug|Win32.ActiveCfg = Debug|Win32
		{F31B99E7-091E-4B49-B4F2-FE6BFD2489B8}.Debug|Win32.Build.0 = Debug|Win32
		{F31B99E7-091E-4B49-B4F2-FE6BFD2489B8}.Release (DLL)|Win32.ActiveCfg = Release|Win32
		{F31B99E7-091E-4B49-B4F2-FE6BFD2489B8}.Release (DLL)|Win32.Build.0 = Release|Win32
		{F31B99E7-091E-4B49-B4F2-FE6BFD2489B8}.Release|Win32.ActiveCfg = Release|Win32
		{F31B99E7-091E-4B49-B4F2-FE6BFD2489B8}.Release|Win32.Build.0 = Release|Win32
		{0C3521E2-C901-4518-8C72-2691B4AC5FFB}.Debug (DLL)|Win32.ActiveCfg = Debug|Win32
		{0C3521E2-C901-4518-8C72-2691B4AC5FFB}.Debug (DLL)|Win32.Build.0 = Debug|Win32
		{0C3521E2-C901-4518-8C72-2691B4AC5FFB}.Debug|Win32.ActiveCfg = Debug|Win32
		{0C3521E2-C901-4518-8C72-2691B4AC5FFB}.Debug|Win32.Build.0 = Debug|Win32
		{0C3521E2-C901-4518-8C72-2691B4AC5FFB}.Release (DLL)|Win32.ActiveCfg = Release|Win32
		{0C3521E2-C901-4518-8C72-2691B4AC5FFB}.Release (DLL)|Win32.Build.0 = Release|Win32
		{0C3521E2-C901-4518-8C72-2691B4AC5FFB}.Release|Win32.ActiveCfg = Release|Win32
		{0C3521E2-C901-4518-8C72-2691B4AC5FFB}.Release|Win32.Build.0 = Release|Win32
		{9C7EB337-0016-4423-8131-2C99273E26FE}.Debug (DLL)|Win32.ActiveCfg = Debug|Win32
		{9C7EB337-0016-4423-8131-2C99273E26FE}.Debug (DLL)|Win32.Build.0 = Debug|Win32
		{9C7EB337-0016-4423-8131-2C99273E26FE}.Debug|Win32.ActiveCfg = Debug|Win32
		{9C7EB337-0016-4423-8131-2C99273E26FE}.Debug|Win32.Build.0 = Debug|Win32
		{9C7EB337-0016-4423-8131-2C99273E26FE}.Release (DLL)|Win32.ActiveCfg = Release|Win32
		{9C7EB337-0016-4423-8131-2C99273E26FE}.Release (DLL)|Win32.Build.0 = Release|Win32
		{9C7EB337-0016-4423-8131-2C99273E26FE}.Release|Win32.ActiveCfg = Release|Win32
		{9C7EB337-0016-4423-8131-2C99273E26FE}.Release|Win32.Build.0 = Release|Win32
		{FC4AC3B9-9F00-4439-A6C9-84D3338F1B88}.Debug (DLL)|Win32.ActiveCfg = Debug|Win32
		{FC4AC3B9-9F00-4439-A6C9-84D3338F1B88}.Debug (DLL)|Win32.Build.0 = Debug|Win32
		{FC4AC3B9-9F00-4439-A6C9-84D3338F1B88}.Debug|Win32.ActiveCfg = Debug|Win32
		{FC4AC3B9-9F00-4439-A6C9-84D3338F1B88}.Debug|Win32.Build.0 = Debug|Win32
		{FC4AC3B9-9F00-4439-A6C9-84D3338F1B88}.Release (DLL)|Win32.ActiveCfg = Release|Win32
		{FC4AC3B9-9F00-4439-A6C9-84D3338F1B88}.Release (DLL)|Win32.Build.0 = Release|Win32
		{FC4AC3B9-9F00-4439-A6C9-84D3338F1B88}.Release|Win32.ActiveCfg = Release|Win32
		{FC4AC3B9-9F00-4439-A6C9-84D3338F1B88}.Release|Win32.Build.0 = Release|Win32
		{52F1E303-2AF1-4891-B049-3F2BD93EF396}.Debug (DLL)|Win32.ActiveCfg = Debug|Win32
		{52F1E303-2AF1-4891-B049-3F2BD93EF396}.Debug (DLL)|Win32.Build.0 = Debug|Win32
		{52F1E303-2AF1-4891-B049-3F2BD93EF396}.Debug|Win32.ActiveCfg = Debug|Win32
		{52F1E303-2AF1-4891-B049-3F2BD93EF396}.Debug|Win32.Build.0 = Debug|Win32
		{52F1E303-2AF1-4891-B049-3F2BD93EF396}.Release (DLL)|Win32.ActiveCfg = Release|Win32
		{52F1E303-2AF1-4891-B049-3F2BD93EF396}.Release (DLL)|Win32.Build.0 = Release|Win32
		{52F1E303-2AF1-4891-B049-3F2BD93EF396}.Release|Win32.ActiveCfg = Release|Win32
		{52F1E303-2AF1-4891-B049-3F2BD93EF396}.Release|Win32.Build.0 = Release|Win32
		{F2B6E5C6-4AF4-4586-9C81-5916D570CDCC}.Debug (DLL)|Win32.ActiveCfg = Debug|Win32
		{F2B6E5C6-4AF4-4586-9C81-5916D570CDCC}.Debug (DLL)|Win32.Build.0 = Debug|Win32
		{F2B6E5C6-4AF4-4586-9C81-5916D570CDCC}.Debug|Win32.ActiveCfg = Debug|Win32
		{F2B6E5C6-4AF4-4586-9C81-5916D570CDCC}.Debug|Win32.Build.0 = Debug|Win32
		{F2B6E5C6-4AF4-4586-9C81-5916D570CDCC}.Release (DLL)|Win32.ActiveCfg = Release|Win32
		{F2B6E5C6-4AF4-4586-9C81-5916D570CDCC}.Release (DLL)|Win32.Build.0 = Release|Win32
		{F2B6E5C6-4AF4-4586-9C81-5916D570CDCC}.Release|Win32.ActiveCfg = Release|Win32
		{F2B6E5C6-4AF4-4586-9C81-5916D570CDCC}.Release|Win32.Build.0 = Release|Win32
		{236FDBA7-7E0F-4E53-A69F-54AB3F66D7D4}.Debug (DLL)|Win32.ActiveCfg = Debug|Win32
		{236FDBA7-7E0F-4E53-A69F-54AB3F66D7D4}.Debug (DLL)|Win32.Build.0 = Debug|Win32
		{236FDBA7-7E0F-4E53-A69F-54AB3F66D7D4}.Debug|Win32.ActiveCfg = Debug|Win32
		{236FDBA7-7E0F-4E53-A69F-54AB3F66D7D4}.Debug|Win32.Build.0 = Debug|Win32
		{236FDBA7-7E0F-4E53-A69F-54AB3F66D7D4}.Release (DLL)|Win32.ActiveCfg = Release|Win32
		{236FDBA7-7E0F-4E53-A69F-54AB3F66D7D4}.Release (DLL)|Win32.Build.0 = Release|Win32
		{236FDBA7-7E0F-4E53-A69F-54AB3F66D7D4}.Release|Win32.ActiveCfg = Release|Win32
		{236FDBA7-7E0F-4E53-A69F-54AB3F66D7D4}.Release|Win32.Build.0 = Release|Win32
	EndGlobalSection
	GlobalSection(SolutionProperties) = preSolution
		HideSolutionNode = FALSE
	EndGlobalSection
	GlobalSection(NestedProjects) = preSolution
		{E4A32303-74D6-40AE-A768-A06100C0A947} = {2B5F1B91-9B9C-4991-B5F5-2A6EFAFF868C}
		{F31B99E7-091E-4B49-B4F2-FE6BFD2489B8} = {148A88E1-3CFD-46ED-82F9-61F8179CF621}
		{0C3521E2-C901-4518-8C72-2691B4AC5FFB} = {2B5F1B91-9B9C-4991-B5F5-2A6EFAFF868C}
		{9C7EB337-0016-4423-8131-2C99273E26FE} = {2B5F1B91-9B9C-4991-B5F5-2A6EFAFF868C}
		{FC4AC3B9-9F00-4439-A6C9-84D3338F1B88} = {2B5F1B91-9B9C-4991-B5F5-2A6EFAFF868C}
		{52F1E303-2AF1-4891-B049-3F2BD93EF396} = {2B5F1B91-9B9C-4991-B5F5-2A6EFAFF868C}
		{F2B6E5C6-4AF4-4586-9C81-5916D570CDCC} = {2B5F1B91-9B9C-4991-B5F5-2A6EFAFF868C}
		{236FDBA7-7E0F-4E53-A69F-54AB3F66D7D4} = {2B5F1B91-9B9C-4991-B5F5-2A6EFAFF868C}
	EndGlobalSection
EndGlobal
