<?xml version="1.0" encoding="utf-8"?>
<Project ToolsVersion="4.0" xmlns="http://schemas.microsoft.com/developer/msbuild/2003">
  <ItemGroup>
    <Filter Include="Source Files">
      <UniqueIdentifier>{4FC737F1-C7A5-4376-A066-2A32D752A2FF}</UniqueIdentifier>
      <Extensions>cpp;c;cc;cxx;def;odl;idl;hpj;bat;asm;asmx</Extensions>
    </Filter>
    <Filter Include="Assets">
      <UniqueIdentifier>{59c59321-3579-4102-a771-5e486a1a70db}</UniqueIdentifier>
    </Filter>
    <Filter Include="Assets\Shaders">
      <UniqueIdentifier>{a55f2712-cb58-4aad-ab9a-a580060ecd7e}</UniqueIdentifier>
    </Filter>
    <Filter Include="Assets\Shaders\Image">
      <UniqueIdentifier>{c3e099c2-a711-462c-9e78-d613cc702d27}</UniqueIdentifier>
    </Filter>
  </ItemGroup>
  <ItemGroup>
    <ClCompile Include="..\..\examples\image\src\main.cpp">
      <Filter>Source Files</Filter>
    </ClCompile>
  </ItemGroup>
  <ItemGroup>
    <None Include="..\..\examples\image\bin\assets\shaders\image.fp">
      <Filter>Assets\Shaders\Image</Filter>
    </None>
    <None Include="..\..\examples\image\bin\assets\shaders\image.vp">
      <Filter>Assets\Shaders\Image</Filter>
    </None>
  </ItemGroup>
</Project>